
Microsoft Visual Studio Solution File, Format Version 12.00
# Visual Studio Version 17
VisualStudioVersion = 17.10.35013.160
MinimumVisualStudioVersion = 10.0.40219.1
Project("{FAE04EC0-301F-11D3-BF4B-00C04F79EFBC}") = "WpfAppAlpha", "WpfAppAlpha.csproj", "{3218F7C9-18E4-4D4D-A0FC-2B9020B5316C}"
EndProject
Global
	GlobalSection(SolutionConfigurationPlatforms) = preSolution
		Debug|Any CPU = Debug|Any CPU
		Release|Any CPU = Release|Any CPU
	EndGlobalSection
	GlobalSection(ProjectConfigurationPlatforms) = postSolution
		{3218F7C9-18E4-4D4D-A0FC-2B9020B5316C}.Debug|Any CPU.ActiveCfg = Debug|Any CPU
		{3218F7C9-18E4-4D4D-A0FC-2B9020B5316C}.Debug|Any CPU.Build.0 = Debug|Any CPU
		{3218F7C9-18E4-4D4D-A0FC-2B9020B5316C}.Release|Any CPU.ActiveCfg = Release|Any CPU
		{3218F7C9-18E4-4D4D-A0FC-2B9020B5316C}.Release|Any CPU.Build.0 = Release|Any CPU
	EndGlobalSection
	GlobalSection(SolutionProperties) = preSolution
		HideSolutionNode = FALSE
	EndGlobalSection
	GlobalSection(ExtensibilityGlobals) = postSolution
		SolutionGuid = {44D7C1EF-5B1D-492C-8E97-F8310D4469B3}
	EndGlobalSection
EndGlobal
